
Microsoft Visual Studio Solution File, Format Version 12.00
# Visual Studio Version 17
VisualStudioVersion = 17.11.35327.3
MinimumVisualStudioVersion = 10.0.40219.1
Project("{FAE04EC0-301F-11D3-BF4B-00C04F79EFBC}") = "WebApplication1", "WebApplication1\WebApplication1.csproj", "{86452622-3024-404F-8EB2-97E5FD78B64D}"
EndProject
Global
	GlobalSection(SolutionConfigurationPlatforms) = preSolution
		Debug|Any CPU = Debug|Any CPU
		Release|Any CPU = Release|Any CPU
	EndGlobalSection
	GlobalSection(ProjectConfigurationPlatforms) = postSolution
		{86452622-3024-404F-8EB2-97E5FD78B64D}.Debug|Any CPU.ActiveCfg = Debug|Any CPU
		{86452622-3024-404F-8EB2-97E5FD78B64D}.Debug|Any CPU.Build.0 = Debug|Any CPU
		{86452622-3024-404F-8EB2-97E5FD78B64D}.Release|Any CPU.ActiveCfg = Release|Any CPU
		{86452622-3024-404F-8EB2-97E5FD78B64D}.Release|Any CPU.Build.0 = Release|Any CPU
	EndGlobalSection
	GlobalSection(SolutionProperties) = preSolution
		HideSolutionNode = FALSE
	EndGlobalSection
	GlobalSection(ExtensibilityGlobals) = postSolution
		SolutionGuid = {DD652BC6-4195-4FF0-8B73-5E2820D36F79}
	EndGlobalSection
EndGlobal
